
Microsoft Visual Studio Solution File, Format Version 12.00
# Visual Studio Version 17
VisualStudioVersion = 17.9.34616.47
MinimumVisualStudioVersion = 10.0.40219.1
Project("{FAE04EC0-301F-11D3-BF4B-00C04F79EFBC}") = "UAV_Timelapse", "UAV_Timelapse\UAV_Timelapse.csproj", "{8EAAC6E1-D62B-42FA-8B72-36A36F3EA653}"
EndProject
Global
	GlobalSection(SolutionConfigurationPlatforms) = preSolution
		Debug|Any CPU = Debug|Any CPU
		Release|Any CPU = Release|Any CPU
	EndGlobalSection
	GlobalSection(ProjectConfigurationPlatforms) = postSolution
		{8EAAC6E1-D62B-42FA-8B72-36A36F3EA653}.Debug|Any CPU.ActiveCfg = Debug|Any CPU
		{8EAAC6E1-D62B-42FA-8B72-36A36F3EA653}.Debug|Any CPU.Build.0 = Debug|Any CPU
		{8EAAC6E1-D62B-42FA-8B72-36A36F3EA653}.Release|Any CPU.ActiveCfg = Release|Any CPU
		{8EAAC6E1-D62B-42FA-8B72-36A36F3EA653}.Release|Any CPU.Build.0 = Release|Any CPU
	EndGlobalSection
	GlobalSection(SolutionProperties) = preSolution
		HideSolutionNode = FALSE
	EndGlobalSection
	GlobalSection(ExtensibilityGlobals) = postSolution
		SolutionGuid = {5569E44E-202E-4C2B-8C55-93014A282EE2}
	EndGlobalSection
EndGlobal
